// !$*UTF8*$!
{
	archiveVersion = 1;
	classes = {
	};
	objectVersion = 46;
	objects = {

/* Begin PBXBuildFile section */
		4F19A6811F458A3D007D2113 /* main.m in Sources */ = {isa = PBXBuildFile; fileRef = 4F19A6801F458A3D007D2113 /* main.m */; };
		4F19A6841F458A3D007D2113 /* AppDelegate.m in Sources */ = {isa = PBXBuildFile; fileRef = 4F19A6831F458A3D007D2113 /* AppDelegate.m */; };
		4F19A6871F458A3D007D2113 /* ViewController.m in Sources */ = {isa = PBXBuildFile; fileRef = 4F19A6861F458A3D007D2113 /* ViewController.m */; };
		4F19A68A1F458A3D007D2113 /* Main.storyboard in Resources */ = {isa = PBXBuildFile; fileRef = 4F19A6881F458A3D007D2113 /* Main.storyboard */; };
		4F19A68C1F458A3D007D2113 /* Assets.xcassets in Resources */ = {isa = PBXBuildFile; fileRef = 4F19A68B1F458A3D007D2113 /* Assets.xcassets */; };
		4F19A68F1F458A3D007D2113 /* LaunchScreen.storyboard in Resources */ = {isa = PBXBuildFile; fileRef = 4F19A68D1F458A3D007D2113 /* LaunchScreen.storyboard */; };
		4F19A69A1F458A3D007D2113 /* WangyYiNEWSTests.m in Sources */ = {isa = PBXBuildFile; fileRef = 4F19A6991F458A3D007D2113 /* WangyYiNEWSTests.m */; };
		4F19A6A51F458A3D007D2113 /* WangyYiNEWSUITests.m in Sources */ = {isa = PBXBuildFile; fileRef = 4F19A6A41F458A3D007D2113 /* WangyYiNEWSUITests.m */; };
		4F19A6C81F45949C007D2113 /* FocusNewsViewController.m in Sources */ = {isa = PBXBuildFile; fileRef = 4F19A6C71F45949C007D2113 /* FocusNewsViewController.m */; };
		4F19A6CB1F4594CE007D2113 /* LiveBroadcastViewController.m in Sources */ = {isa = PBXBuildFile; fileRef = 4F19A6CA1F4594CE007D2113 /* LiveBroadcastViewController.m */; };
		4F19A6CE1F4594F3007D2113 /* VideoViewController.m in Sources */ = {isa = PBXBuildFile; fileRef = 4F19A6CD1F4594F3007D2113 /* VideoViewController.m */; };
		4F19A6D11F45950C007D2113 /* MineViewController.m in Sources */ = {isa = PBXBuildFile; fileRef = 4F19A6D01F45950C007D2113 /* MineViewController.m */; };
		4F19A6D51F45957B007D2113 /* GlobalNavigationController.m in Sources */ = {isa = PBXBuildFile; fileRef = 4F19A6D41F45957B007D2113 /* GlobalNavigationController.m */; };
		4F19A6D81F45962C007D2113 /* GlobalTabBarController.m in Sources */ = {isa = PBXBuildFile; fileRef = 4F19A6D71F45962C007D2113 /* GlobalTabBarController.m */; };
		4F19A6DB1F4684A9007D2113 /* MineTableView.m in Sources */ = {isa = PBXBuildFile; fileRef = 4F19A6DA1F4684A9007D2113 /* MineTableView.m */; };
		4F19A6DE1F4691D5007D2113 /* MineTableHeaderView.m in Sources */ = {isa = PBXBuildFile; fileRef = 4F19A6DD1F4691D5007D2113 /* MineTableHeaderView.m */; };
		4F19A6E11F469B8E007D2113 /* PersonPannelView.m in Sources */ = {isa = PBXBuildFile; fileRef = 4F19A6E01F469B8E007D2113 /* PersonPannelView.m */; };
		4F19A6E41F46B908007D2113 /* maskButton.m in Sources */ = {isa = PBXBuildFile; fileRef = 4F19A6E31F46B908007D2113 /* maskButton.m */; };
		7E4CEC9C345E2C8F61C5BD26 /* libPods-WangyYiNEWS.a in Frameworks */ = {isa = PBXBuildFile; fileRef = 0BE8CAA5283738E45659028A /* libPods-WangyYiNEWS.a */; };
/* End PBXBuildFile section */

/* Begin PBXContainerItemProxy section */
		4F19A6961F458A3D007D2113 /* PBXContainerItemProxy */ = {
			isa = PBXContainerItemProxy;
			containerPortal = 4F19A6741F458A3D007D2113 /* Project object */;
			proxyType = 1;
			remoteGlobalIDString = 4F19A67B1F458A3D007D2113;
			remoteInfo = WangyYiNEWS;
		};
		4F19A6A11F458A3D007D2113 /* PBXContainerItemProxy */ = {
			isa = PBXContainerItemProxy;
			containerPortal = 4F19A6741F458A3D007D2113 /* Project object */;
			proxyType = 1;
			remoteGlobalIDString = 4F19A67B1F458A3D007D2113;
			remoteInfo = WangyYiNEWS;
		};
/* End PBXContainerItemProxy section */

/* Begin PBXFileReference section */
		0BE8CAA5283738E45659028A /* libPods-WangyYiNEWS.a */ = {isa = PBXFileReference; explicitFileType = archive.ar; includeInIndex = 0; path = "libPods-WangyYiNEWS.a"; sourceTree = BUILT_PRODUCTS_DIR; };
		4F19A67C1F458A3D007D2113 /* WangyYiNEWS.app */ = {isa = PBXFileReference; explicitFileType = wrapper.application; includeInIndex = 0; path = WangyYiNEWS.app; sourceTree = BUILT_PRODUCTS_DIR; };
		4F19A6801F458A3D007D2113 /* main.m */ = {isa = PBXFileReference; lastKnownFileType = sourcecode.c.objc; path = main.m; sourceTree = "<group>"; };
		4F19A6821F458A3D007D2113 /* AppDelegate.h */ = {isa = PBXFileReference; lastKnownFileType = sourcecode.c.h; path = AppDelegate.h; sourceTree = "<group>"; };
		4F19A6831F458A3D007D2113 /* AppDelegate.m */ = {isa = PBXFileReference; lastKnownFileType = sourcecode.c.objc; path = AppDelegate.m; sourceTree = "<group>"; };
		4F19A6851F458A3D007D2113 /* ViewController.h */ = {isa = PBXFileReference; lastKnownFileType = sourcecode.c.h; name = ViewController.h; path = ../../ViewController.h; sourceTree = "<group>"; };
		4F19A6861F458A3D007D2113 /* ViewController.m */ = {isa = PBXFileReference; lastKnownFileType = sourcecode.c.objc; name = ViewController.m; path = ../../ViewController.m; sourceTree = "<group>"; };
		4F19A6891F458A3D007D2113 /* Base */ = {isa = PBXFileReference; lastKnownFileType = file.storyboard; name = Base; path = Base.lproj/Main.storyboard; sourceTree = "<group>"; };
		4F19A68B1F458A3D007D2113 /* Assets.xcassets */ = {isa = PBXFileReference; lastKnownFileType = folder.assetcatalog; path = Assets.xcassets; sourceTree = "<group>"; };
		4F19A68E1F458A3D007D2113 /* Base */ = {isa = PBXFileReference; lastKnownFileType = file.storyboard; name = Base; path = Base.lproj/LaunchScreen.storyboard; sourceTree = "<group>"; };
		4F19A6901F458A3D007D2113 /* Info.plist */ = {isa = PBXFileReference; lastKnownFileType = text.plist.xml; path = Info.plist; sourceTree = "<group>"; };
		4F19A6951F458A3D007D2113 /* WangyYiNEWSTests.xctest */ = {isa = PBXFileReference; explicitFileType = wrapper.cfbundle; includeInIndex = 0; path = WangyYiNEWSTests.xctest; sourceTree = BUILT_PRODUCTS_DIR; };
		4F19A6991F458A3D007D2113 /* WangyYiNEWSTests.m */ = {isa = PBXFileReference; lastKnownFileType = sourcecode.c.objc; path = WangyYiNEWSTests.m; sourceTree = "<group>"; };
		4F19A69B1F458A3D007D2113 /* Info.plist */ = {isa = PBXFileReference; lastKnownFileType = text.plist.xml; path = Info.plist; sourceTree = "<group>"; };
		4F19A6A01F458A3D007D2113 /* WangyYiNEWSUITests.xctest */ = {isa = PBXFileReference; explicitFileType = wrapper.cfbundle; includeInIndex = 0; path = WangyYiNEWSUITests.xctest; sourceTree = BUILT_PRODUCTS_DIR; };
		4F19A6A41F458A3D007D2113 /* WangyYiNEWSUITests.m */ = {isa = PBXFileReference; lastKnownFileType = sourcecode.c.objc; path = WangyYiNEWSUITests.m; sourceTree = "<group>"; };
		4F19A6A61F458A3D007D2113 /* Info.plist */ = {isa = PBXFileReference; lastKnownFileType = text.plist.xml; path = Info.plist; sourceTree = "<group>"; };
		4F19A6C61F45949C007D2113 /* FocusNewsViewController.h */ = {isa = PBXFileReference; fileEncoding = 4; lastKnownFileType = sourcecode.c.h; path = FocusNewsViewController.h; sourceTree = "<group>"; };
		4F19A6C71F45949C007D2113 /* FocusNewsViewController.m */ = {isa = PBXFileReference; fileEncoding = 4; lastKnownFileType = sourcecode.c.objc; path = FocusNewsViewController.m; sourceTree = "<group>"; };
		4F19A6C91F4594CE007D2113 /* LiveBroadcastViewController.h */ = {isa = PBXFileReference; fileEncoding = 4; lastKnownFileType = sourcecode.c.h; path = LiveBroadcastViewController.h; sourceTree = "<group>"; };
		4F19A6CA1F4594CE007D2113 /* LiveBroadcastViewController.m */ = {isa = PBXFileReference; fileEncoding = 4; lastKnownFileType = sourcecode.c.objc; path = LiveBroadcastViewController.m; sourceTree = "<group>"; };
		4F19A6CC1F4594F3007D2113 /* VideoViewController.h */ = {isa = PBXFileReference; fileEncoding = 4; lastKnownFileType = sourcecode.c.h; path = VideoViewController.h; sourceTree = "<group>"; };
		4F19A6CD1F4594F3007D2113 /* VideoViewController.m */ = {isa = PBXFileReference; fileEncoding = 4; lastKnownFileType = sourcecode.c.objc; path = VideoViewController.m; sourceTree = "<group>"; };
		4F19A6CF1F45950C007D2113 /* MineViewController.h */ = {isa = PBXFileReference; fileEncoding = 4; lastKnownFileType = sourcecode.c.h; path = MineViewController.h; sourceTree = "<group>"; };
		4F19A6D01F45950C007D2113 /* MineViewController.m */ = {isa = PBXFileReference; fileEncoding = 4; lastKnownFileType = sourcecode.c.objc; path = MineViewController.m; sourceTree = "<group>"; };
		4F19A6D31F45957B007D2113 /* GlobalNavigationController.h */ = {isa = PBXFileReference; fileEncoding = 4; lastKnownFileType = sourcecode.c.h; path = GlobalNavigationController.h; sourceTree = "<group>"; };
		4F19A6D41F45957B007D2113 /* GlobalNavigationController.m */ = {isa = PBXFileReference; fileEncoding = 4; lastKnownFileType = sourcecode.c.objc; path = GlobalNavigationController.m; sourceTree = "<group>"; };
		4F19A6D61F45962C007D2113 /* GlobalTabBarController.h */ = {isa = PBXFileReference; fileEncoding = 4; lastKnownFileType = sourcecode.c.h; path = GlobalTabBarController.h; sourceTree = "<group>"; };
		4F19A6D71F45962C007D2113 /* GlobalTabBarController.m */ = {isa = PBXFileReference; fileEncoding = 4; lastKnownFileType = sourcecode.c.objc; path = GlobalTabBarController.m; sourceTree = "<group>"; };
		4F19A6D91F4684A9007D2113 /* MineTableView.h */ = {isa = PBXFileReference; fileEncoding = 4; lastKnownFileType = sourcecode.c.h; path = MineTableView.h; sourceTree = "<group>"; };
		4F19A6DA1F4684A9007D2113 /* MineTableView.m */ = {isa = PBXFileReference; fileEncoding = 4; lastKnownFileType = sourcecode.c.objc; path = MineTableView.m; sourceTree = "<group>"; };
		4F19A6DC1F4691D5007D2113 /* MineTableHeaderView.h */ = {isa = PBXFileReference; fileEncoding = 4; lastKnownFileType = sourcecode.c.h; path = MineTableHeaderView.h; sourceTree = "<group>"; };
		4F19A6DD1F4691D5007D2113 /* MineTableHeaderView.m */ = {isa = PBXFileReference; fileEncoding = 4; lastKnownFileType = sourcecode.c.objc; path = MineTableHeaderView.m; sourceTree = "<group>"; };
		4F19A6DF1F469B8E007D2113 /* PersonPannelView.h */ = {isa = PBXFileReference; fileEncoding = 4; lastKnownFileType = sourcecode.c.h; path = PersonPannelView.h; sourceTree = "<group>"; };
		4F19A6E01F469B8E007D2113 /* PersonPannelView.m */ = {isa = PBXFileReference; fileEncoding = 4; lastKnownFileType = sourcecode.c.objc; path = PersonPannelView.m; sourceTree = "<group>"; };
		4F19A6E21F46B908007D2113 /* maskButton.h */ = {isa = PBXFileReference; fileEncoding = 4; lastKnownFileType = sourcecode.c.h; path = maskButton.h; sourceTree = "<group>"; };
		4F19A6E31F46B908007D2113 /* maskButton.m */ = {isa = PBXFileReference; fileEncoding = 4; lastKnownFileType = sourcecode.c.objc; path = maskButton.m; sourceTree = "<group>"; };
		A7039583D668F5EF41AB2F6F /* Pods-WangyYiNEWS.release.xcconfig */ = {isa = PBXFileReference; includeInIndex = 1; lastKnownFileType = text.xcconfig; name = "Pods-WangyYiNEWS.release.xcconfig"; path = "Pods/Target Support Files/Pods-WangyYiNEWS/Pods-WangyYiNEWS.release.xcconfig"; sourceTree = "<group>"; };
		AF2E75AEBBDA18A75DBFF8A2 /* Pods-WangyYiNEWS.debug.xcconfig */ = {isa = PBXFileReference; includeInIndex = 1; lastKnownFileType = text.xcconfig; name = "Pods-WangyYiNEWS.debug.xcconfig"; path = "Pods/Target Support Files/Pods-WangyYiNEWS/Pods-WangyYiNEWS.debug.xcconfig"; sourceTree = "<group>"; };
/* End PBXFileReference section */

/* Begin PBXFrameworksBuildPhase section */
		4F19A6791F458A3D007D2113 /* Frameworks */ = {
			isa = PBXFrameworksBuildPhase;
			buildActionMask = 2147483647;
			files = (
				7E4CEC9C345E2C8F61C5BD26 /* libPods-WangyYiNEWS.a in Frameworks */,
			);
			runOnlyForDeploymentPostprocessing = 0;
		};
		4F19A6921F458A3D007D2113 /* Frameworks */ = {
			isa = PBXFrameworksBuildPhase;
			buildActionMask = 2147483647;
			files = (
			);
			runOnlyForDeploymentPostprocessing = 0;
		};
		4F19A69D1F458A3D007D2113 /* Frameworks */ = {
			isa = PBXFrameworksBuildPhase;
			buildActionMask = 2147483647;
			files = (
			);
			runOnlyForDeploymentPostprocessing = 0;
		};
/* End PBXFrameworksBuildPhase section */

/* Begin PBXGroup section */
		1E5C5C6BC91B78AF15154324 /* Pods */ = {
			isa = PBXGroup;
			children = (
				AF2E75AEBBDA18A75DBFF8A2 /* Pods-WangyYiNEWS.debug.xcconfig */,
				A7039583D668F5EF41AB2F6F /* Pods-WangyYiNEWS.release.xcconfig */,
			);
			name = Pods;
			sourceTree = "<group>";
		};
		3304E915E3AE76FC75CADB56 /* Frameworks */ = {
			isa = PBXGroup;
			children = (
				0BE8CAA5283738E45659028A /* libPods-WangyYiNEWS.a */,
			);
			name = Frameworks;
			sourceTree = "<group>";
		};
		4F19A6731F458A3D007D2113 = {
			isa = PBXGroup;
			children = (
				4F19A67E1F458A3D007D2113 /* WangyYiNEWS */,
				4F19A6981F458A3D007D2113 /* WangyYiNEWSTests */,
				4F19A6A31F458A3D007D2113 /* WangyYiNEWSUITests */,
				4F19A67D1F458A3D007D2113 /* Products */,
				1E5C5C6BC91B78AF15154324 /* Pods */,
				3304E915E3AE76FC75CADB56 /* Frameworks */,
			);
			sourceTree = "<group>";
		};
		4F19A67D1F458A3D007D2113 /* Products */ = {
			isa = PBXGroup;
			children = (
				4F19A67C1F458A3D007D2113 /* WangyYiNEWS.app */,
				4F19A6951F458A3D007D2113 /* WangyYiNEWSTests.xctest */,
				4F19A6A01F458A3D007D2113 /* WangyYiNEWSUITests.xctest */,
			);
			name = Products;
			sourceTree = "<group>";
		};
		4F19A67E1F458A3D007D2113 /* WangyYiNEWS */ = {
			isa = PBXGroup;
			children = (
				4F19A6D21F459548007D2113 /* Global */,
				4F19A6C21F4591EC007D2113 /* HomePage */,
				4F19A6BE1F4591DD007D2113 /* FocusNews */,
				4F19A6BA1F4591D5007D2113 /* Livebroadcast */,
				4F19A6B61F4591CC007D2113 /* Video */,
				4F19A6B21F4591BF007D2113 /* Mine */,
				4F19A6821F458A3D007D2113 /* AppDelegate.h */,
				4F19A6831F458A3D007D2113 /* AppDelegate.m */,
				4F19A6881F458A3D007D2113 /* Main.storyboard */,
				4F19A68B1F458A3D007D2113 /* Assets.xcassets */,
				4F19A68D1F458A3D007D2113 /* LaunchScreen.storyboard */,
				4F19A6901F458A3D007D2113 /* Info.plist */,
				4F19A67F1F458A3D007D2113 /* Supporting Files */,
			);
			path = WangyYiNEWS;
			sourceTree = "<group>";
		};
		4F19A67F1F458A3D007D2113 /* Supporting Files */ = {
			isa = PBXGroup;
			children = (
				4F19A6801F458A3D007D2113 /* main.m */,
			);
			name = "Supporting Files";
			sourceTree = "<group>";
		};
		4F19A6981F458A3D007D2113 /* WangyYiNEWSTests */ = {
			isa = PBXGroup;
			children = (
				4F19A6991F458A3D007D2113 /* WangyYiNEWSTests.m */,
				4F19A69B1F458A3D007D2113 /* Info.plist */,
			);
			path = WangyYiNEWSTests;
			sourceTree = "<group>";
		};
		4F19A6A31F458A3D007D2113 /* WangyYiNEWSUITests */ = {
			isa = PBXGroup;
			children = (
				4F19A6A41F458A3D007D2113 /* WangyYiNEWSUITests.m */,
				4F19A6A61F458A3D007D2113 /* Info.plist */,
			);
			path = WangyYiNEWSUITests;
			sourceTree = "<group>";
		};
		4F19A6B21F4591BF007D2113 /* Mine */ = {
			isa = PBXGroup;
			children = (
				4F19A6B31F4591BF007D2113 /* Controllers */,
				4F19A6B41F4591BF007D2113 /* Modes */,
				4F19A6B51F4591BF007D2113 /* Views */,
			);
			path = Mine;
			sourceTree = "<group>";
		};
		4F19A6B31F4591BF007D2113 /* Controllers */ = {
			isa = PBXGroup;
			children = (
				4F19A6CF1F45950C007D2113 /* MineViewController.h */,
				4F19A6D01F45950C007D2113 /* MineViewController.m */,
			);
			path = Controllers;
			sourceTree = "<group>";
		};
		4F19A6B41F4591BF007D2113 /* Modes */ = {
			isa = PBXGroup;
			children = (
			);
			path = Modes;
			sourceTree = "<group>";
		};
		4F19A6B51F4591BF007D2113 /* Views */ = {
			isa = PBXGroup;
			children = (
				4F19A6D91F4684A9007D2113 /* MineTableView.h */,
				4F19A6DA1F4684A9007D2113 /* MineTableView.m */,
				4F19A6DC1F4691D5007D2113 /* MineTableHeaderView.h */,
				4F19A6DD1F4691D5007D2113 /* MineTableHeaderView.m */,
				4F19A6DF1F469B8E007D2113 /* PersonPannelView.h */,
				4F19A6E01F469B8E007D2113 /* PersonPannelView.m */,
				4F19A6E21F46B908007D2113 /* maskButton.h */,
				4F19A6E31F46B908007D2113 /* maskButton.m */,
			);
			path = Views;
			sourceTree = "<group>";
		};
		4F19A6B61F4591CC007D2113 /* Video */ = {
			isa = PBXGroup;
			children = (
				4F19A6B71F4591CC007D2113 /* Controllers */,
				4F19A6B81F4591CC007D2113 /* Modes */,
				4F19A6B91F4591CC007D2113 /* Views */,
			);
			path = Video;
			sourceTree = "<group>";
		};
		4F19A6B71F4591CC007D2113 /* Controllers */ = {
			isa = PBXGroup;
			children = (
				4F19A6CC1F4594F3007D2113 /* VideoViewController.h */,
				4F19A6CD1F4594F3007D2113 /* VideoViewController.m */,
			);
			path = Controllers;
			sourceTree = "<group>";
		};
		4F19A6B81F4591CC007D2113 /* Modes */ = {
			isa = PBXGroup;
			children = (
			);
			path = Modes;
			sourceTree = "<group>";
		};
		4F19A6B91F4591CC007D2113 /* Views */ = {
			isa = PBXGroup;
			children = (
			);
			path = Views;
			sourceTree = "<group>";
		};
		4F19A6BA1F4591D5007D2113 /* Livebroadcast */ = {
			isa = PBXGroup;
			children = (
				4F19A6BB1F4591D5007D2113 /* Controllers */,
				4F19A6BC1F4591D5007D2113 /* Modes */,
				4F19A6BD1F4591D5007D2113 /* Views */,
			);
			path = Livebroadcast;
			sourceTree = "<group>";
		};
		4F19A6BB1F4591D5007D2113 /* Controllers */ = {
			isa = PBXGroup;
			children = (
				4F19A6C91F4594CE007D2113 /* LiveBroadcastViewController.h */,
				4F19A6CA1F4594CE007D2113 /* LiveBroadcastViewController.m */,
			);
			path = Controllers;
			sourceTree = "<group>";
		};
		4F19A6BC1F4591D5007D2113 /* Modes */ = {
			isa = PBXGroup;
			children = (
			);
			path = Modes;
			sourceTree = "<group>";
		};
		4F19A6BD1F4591D5007D2113 /* Views */ = {
			isa = PBXGroup;
			children = (
			);
			path = Views;
			sourceTree = "<group>";
		};
		4F19A6BE1F4591DD007D2113 /* FocusNews */ = {
			isa = PBXGroup;
			children = (
				4F19A6BF1F4591DD007D2113 /* Controllers */,
				4F19A6C01F4591DD007D2113 /* Modes */,
				4F19A6C11F4591DD007D2113 /* Views */,
			);
			path = FocusNews;
			sourceTree = "<group>";
		};
		4F19A6BF1F4591DD007D2113 /* Controllers */ = {
			isa = PBXGroup;
			children = (
				4F19A6C61F45949C007D2113 /* FocusNewsViewController.h */,
				4F19A6C71F45949C007D2113 /* FocusNewsViewController.m */,
			);
			path = Controllers;
			sourceTree = "<group>";
		};
		4F19A6C01F4591DD007D2113 /* Modes */ = {
			isa = PBXGroup;
			children = (
			);
			path = Modes;
			sourceTree = "<group>";
		};
		4F19A6C11F4591DD007D2113 /* Views */ = {
			isa = PBXGroup;
			children = (
			);
			path = Views;
			sourceTree = "<group>";
		};
		4F19A6C21F4591EC007D2113 /* HomePage */ = {
			isa = PBXGroup;
			children = (
				4F19A6C31F4591EC007D2113 /* Controllers */,
				4F19A6C41F4591EC007D2113 /* Modes */,
				4F19A6C51F4591EC007D2113 /* Views */,
			);
			path = HomePage;
			sourceTree = "<group>";
		};
		4F19A6C31F4591EC007D2113 /* Controllers */ = {
			isa = PBXGroup;
			children = (
				4F19A6851F458A3D007D2113 /* ViewController.h */,
				4F19A6861F458A3D007D2113 /* ViewController.m */,
			);
			path = Controllers;
			sourceTree = "<group>";
		};
		4F19A6C41F4591EC007D2113 /* Modes */ = {
			isa = PBXGroup;
			children = (
			);
			path = Modes;
			sourceTree = "<group>";
		};
		4F19A6C51F4591EC007D2113 /* Views */ = {
			isa = PBXGroup;
			children = (
			);
			path = Views;
			sourceTree = "<group>";
		};
		4F19A6D21F459548007D2113 /* Global */ = {
			isa = PBXGroup;
			children = (
				4F19A6D31F45957B007D2113 /* GlobalNavigationController.h */,
				4F19A6D41F45957B007D2113 /* GlobalNavigationController.m */,
				4F19A6D61F45962C007D2113 /* GlobalTabBarController.h */,
				4F19A6D71F45962C007D2113 /* GlobalTabBarController.m */,
			);
			path = Global;
			sourceTree = "<group>";
		};
/* End PBXGroup section */

/* Begin PBXNativeTarget section */
		4F19A67B1F458A3D007D2113 /* WangyYiNEWS */ = {
			isa = PBXNativeTarget;
			buildConfigurationList = 4F19A6A91F458A3D007D2113 /* Build configuration list for PBXNativeTarget "WangyYiNEWS" */;
			buildPhases = (
				3C4DC9A02225FBC1D8799BE9 /* [CP] Check Pods Manifest.lock */,
				4F19A6781F458A3D007D2113 /* Sources */,
				4F19A6791F458A3D007D2113 /* Frameworks */,
				4F19A67A1F458A3D007D2113 /* Resources */,
				2178F705F1261D3CBAE17370 /* [CP] Embed Pods Frameworks */,
				02910B32D8F22715CAC542DB /* [CP] Copy Pods Resources */,
			);
			buildRules = (
			);
			dependencies = (
			);
			name = WangyYiNEWS;
			productName = WangyYiNEWS;
			productReference = 4F19A67C1F458A3D007D2113 /* WangyYiNEWS.app */;
			productType = "com.apple.product-type.application";
		};
		4F19A6941F458A3D007D2113 /* WangyYiNEWSTests */ = {
			isa = PBXNativeTarget;
			buildConfigurationList = 4F19A6AC1F458A3D007D2113 /* Build configuration list for PBXNativeTarget "WangyYiNEWSTests" */;
			buildPhases = (
				4F19A6911F458A3D007D2113 /* Sources */,
				4F19A6921F458A3D007D2113 /* Frameworks */,
				4F19A6931F458A3D007D2113 /* Resources */,
			);
			buildRules = (
			);
			dependencies = (
				4F19A6971F458A3D007D2113 /* PBXTargetDependency */,
			);
			name = WangyYiNEWSTests;
			productName = WangyYiNEWSTests;
			productReference = 4F19A6951F458A3D007D2113 /* WangyYiNEWSTests.xctest */;
			productType = "com.apple.product-type.bundle.unit-test";
		};
		4F19A69F1F458A3D007D2113 /* WangyYiNEWSUITests */ = {
			isa = PBXNativeTarget;
			buildConfigurationList = 4F19A6AF1F458A3D007D2113 /* Build configuration list for PBXNativeTarget "WangyYiNEWSUITests" */;
			buildPhases = (
				4F19A69C1F458A3D007D2113 /* Sources */,
				4F19A69D1F458A3D007D2113 /* Frameworks */,
				4F19A69E1F458A3D007D2113 /* Resources */,
			);
			buildRules = (
			);
			dependencies = (
				4F19A6A21F458A3D007D2113 /* PBXTargetDependency */,
			);
			name = WangyYiNEWSUITests;
			productName = WangyYiNEWSUITests;
			productReference = 4F19A6A01F458A3D007D2113 /* WangyYiNEWSUITests.xctest */;
			productType = "com.apple.product-type.bundle.ui-testing";
		};
/* End PBXNativeTarget section */

/* Begin PBXProject section */
		4F19A6741F458A3D007D2113 /* Project object */ = {
			isa = PBXProject;
			attributes = {
				LastUpgradeCheck = 0820;
				ORGANIZATIONNAME = baolei;
				TargetAttributes = {
					4F19A67B1F458A3D007D2113 = {
						CreatedOnToolsVersion = 8.2;
						ProvisioningStyle = Automatic;
					};
					4F19A6941F458A3D007D2113 = {
						CreatedOnToolsVersion = 8.2;
						ProvisioningStyle = Automatic;
						TestTargetID = 4F19A67B1F458A3D007D2113;
					};
					4F19A69F1F458A3D007D2113 = {
						CreatedOnToolsVersion = 8.2;
						ProvisioningStyle = Automatic;
						TestTargetID = 4F19A67B1F458A3D007D2113;
					};
				};
			};
			buildConfigurationList = 4F19A6771F458A3D007D2113 /* Build configuration list for PBXProject "WangyYiNEWS" */;
			compatibilityVersion = "Xcode 3.2";
			developmentRegion = English;
			hasScannedForEncodings = 0;
			knownRegions = (
				en,
				Base,
			);
			mainGroup = 4F19A6731F458A3D007D2113;
			productRefGroup = 4F19A67D1F458A3D007D2113 /* Products */;
			projectDirPath = "";
			projectRoot = "";
			targets = (
				4F19A67B1F458A3D007D2113 /* WangyYiNEWS */,
				4F19A6941F458A3D007D2113 /* WangyYiNEWSTests */,
				4F19A69F1F458A3D007D2113 /* WangyYiNEWSUITests */,
			);
		};
/* End PBXProject section */

/* Begin PBXResourcesBuildPhase section */
		4F19A67A1F458A3D007D2113 /* Resources */ = {
			isa = PBXResourcesBuildPhase;
			buildActionMask = 2147483647;
			files = (
				4F19A68F1F458A3D007D2113 /* LaunchScreen.storyboard in Resources */,
				4F19A68C1F458A3D007D2113 /* Assets.xcassets in Resources */,
				4F19A68A1F458A3D007D2113 /* Main.storyboard in Resources */,
			);
			runOnlyForDeploymentPostprocessing = 0;
		};
		4F19A6931F458A3D007D2113 /* Resources */ = {
			isa = PBXResourcesBuildPhase;
			buildActionMask = 2147483647;
			files = (
			);
			runOnlyForDeploymentPostprocessing = 0;
		};
		4F19A69E1F458A3D007D2113 /* Resources */ = {
			isa = PBXResourcesBuildPhase;
			buildActionMask = 2147483647;
			files = (
			);
			runOnlyForDeploymentPostprocessing = 0;
		};
/* End PBXResourcesBuildPhase section */

/* Begin PBXShellScriptBuildPhase section */
		02910B32D8F22715CAC542DB /* [CP] Copy Pods Resources */ = {
			isa = PBXShellScriptBuildPhase;
			buildActionMask = 2147483647;
			files = (
			);
			inputPaths = (
			);
			name = "[CP] Copy Pods Resources";
			outputPaths = (
			);
			runOnlyForDeploymentPostprocessing = 0;
			shellPath = /bin/sh;
			shellScript = "\"${SRCROOT}/Pods/Target Support Files/Pods-WangyYiNEWS/Pods-WangyYiNEWS-resources.sh\"\n";
			showEnvVarsInLog = 0;
		};
		2178F705F1261D3CBAE17370 /* [CP] Embed Pods Frameworks */ = {
			isa = PBXShellScriptBuildPhase;
			buildActionMask = 2147483647;
			files = (
			);
			inputPaths = (
			);
			name = "[CP] Embed Pods Frameworks";
			outputPaths = (
			);
			runOnlyForDeploymentPostprocessing = 0;
			shellPath = /bin/sh;
			shellScript = "\"${SRCROOT}/Pods/Target Support Files/Pods-WangyYiNEWS/Pods-WangyYiNEWS-frameworks.sh\"\n";
			showEnvVarsInLog = 0;
		};
		3C4DC9A02225FBC1D8799BE9 /* [CP] Check Pods Manifest.lock */ = {
			isa = PBXShellScriptBuildPhase;
			buildActionMask = 2147483647;
			files = (
			);
			inputPaths = (
			);
			name = "[CP] Check Pods Manifest.lock";
			outputPaths = (
			);
			runOnlyForDeploymentPostprocessing = 0;
			shellPath = /bin/sh;
			shellScript = "diff \"${PODS_ROOT}/../Podfile.lock\" \"${PODS_ROOT}/Manifest.lock\" > /dev/null\nif [ $? != 0 ] ; then\n    # print error to STDERR\n    echo \"error: The sandbox is not in sync with the Podfile.lock. Run 'pod install' or update your CocoaPods installation.\" >&2\n    exit 1\nfi\n";
			showEnvVarsInLog = 0;
		};
/* End PBXShellScriptBuildPhase section */

/* Begin PBXSourcesBuildPhase section */
		4F19A6781F458A3D007D2113 /* Sources */ = {
			isa = PBXSourcesBuildPhase;
			buildActionMask = 2147483647;
			files = (
				4F19A6C81F45949C007D2113 /* FocusNewsViewController.m in Sources */,
				4F19A6D81F45962C007D2113 /* GlobalTabBarController.m in Sources */,
				4F19A6D11F45950C007D2113 /* MineViewController.m in Sources */,
				4F19A6871F458A3D007D2113 /* ViewController.m in Sources */,
				4F19A6CE1F4594F3007D2113 /* VideoViewController.m in Sources */,
				4F19A6E11F469B8E007D2113 /* PersonPannelView.m in Sources */,
				4F19A6D51F45957B007D2113 /* GlobalNavigationController.m in Sources */,
				4F19A6841F458A3D007D2113 /* AppDelegate.m in Sources */,
				4F19A6DE1F4691D5007D2113 /* MineTableHeaderView.m in Sources */,
				4F19A6811F458A3D007D2113 /* main.m in Sources */,
				4F19A6E41F46B908007D2113 /* maskButton.m in Sources */,
				4F19A6DB1F4684A9007D2113 /* MineTableView.m in Sources */,
				4F19A6CB1F4594CE007D2113 /* LiveBroadcastViewController.m in Sources */,
			);
			runOnlyForDeploymentPostprocessing = 0;
		};
		4F19A6911F458A3D007D2113 /* Sources */ = {
			isa = PBXSourcesBuildPhase;
			buildActionMask = 2147483647;
			files = (
				4F19A69A1F458A3D007D2113 /* WangyYiNEWSTests.m in Sources */,
			);
			runOnlyForDeploymentPostprocessing = 0;
		};
		4F19A69C1F458A3D007D2113 /* Sources */ = {
			isa = PBXSourcesBuildPhase;
			buildActionMask = 2147483647;
			files = (
				4F19A6A51F458A3D007D2113 /* WangyYiNEWSUITests.m in Sources */,
			);
			runOnlyForDeploymentPostprocessing = 0;
		};
/* End PBXSourcesBuildPhase section */

/* Begin PBXTargetDependency section */
		4F19A6971F458A3D007D2113 /* PBXTargetDependency */ = {
			isa = PBXTargetDependency;
			target = 4F19A67B1F458A3D007D2113 /* WangyYiNEWS */;
			targetProxy = 4F19A6961F458A3D007D2113 /* PBXContainerItemProxy */;
		};
		4F19A6A21F458A3D007D2113 /* PBXTargetDependency */ = {
			isa = PBXTargetDependency;
			target = 4F19A67B1F458A3D007D2113 /* WangyYiNEWS */;
			targetProxy = 4F19A6A11F458A3D007D2113 /* PBXContainerItemProxy */;
		};
/* End PBXTargetDependency section */

/* Begin PBXVariantGroup section */
		4F19A6881F458A3D007D2113 /* Main.storyboard */ = {
			isa = PBXVariantGroup;
			children = (
				4F19A6891F458A3D007D2113 /* Base */,
			);
			name = Main.storyboard;
			sourceTree = "<group>";
		};
		4F19A68D1F458A3D007D2113 /* LaunchScreen.storyboard */ = {
			isa = PBXVariantGroup;
			children = (
				4F19A68E1F458A3D007D2113 /* Base */,
			);
			name = LaunchScreen.storyboard;
			sourceTree = "<group>";
		};
/* End PBXVariantGroup section */

/* Begin XCBuildConfiguration section */
		4F19A6A71F458A3D007D2113 /* Debug */ = {
			isa = XCBuildConfiguration;
			buildSettings = {
				ALWAYS_SEARCH_USER_PATHS = NO;
				CLANG_ANALYZER_NONNULL = YES;
				CLANG_CXX_LANGUAGE_STANDARD = "gnu++0x";
				CLANG_CXX_LIBRARY = "libc++";
				CLANG_ENABLE_MODULES = YES;
				CLANG_ENABLE_OBJC_ARC = YES;
				CLANG_WARN_BOOL_CONVERSION = YES;
				CLANG_WARN_CONSTANT_CONVERSION = YES;
				CLANG_WARN_DIRECT_OBJC_ISA_USAGE = YES_ERROR;
				CLANG_WARN_DOCUMENTATION_COMMENTS = YES;
				CLANG_WARN_EMPTY_BODY = YES;
				CLANG_WARN_ENUM_CONVERSION = YES;
				CLANG_WARN_INFINITE_RECURSION = YES;
				CLANG_WARN_INT_CONVERSION = YES;
				CLANG_WARN_OBJC_ROOT_CLASS = YES_ERROR;
				CLANG_WARN_SUSPICIOUS_MOVE = YES;
				CLANG_WARN_UNREACHABLE_CODE = YES;
				CLANG_WARN__DUPLICATE_METHOD_MATCH = YES;
				"CODE_SIGN_IDENTITY[sdk=iphoneos*]" = "iPhone Developer";
				COPY_PHASE_STRIP = NO;
				DEBUG_INFORMATION_FORMAT = dwarf;
				ENABLE_STRICT_OBJC_MSGSEND = YES;
				ENABLE_TESTABILITY = YES;
				GCC_C_LANGUAGE_STANDARD = gnu99;
				GCC_DYNAMIC_NO_PIC = NO;
				GCC_NO_COMMON_BLOCKS = YES;
				GCC_OPTIMIZATION_LEVEL = 0;
				GCC_PREPROCESSOR_DEFINITIONS = (
					"DEBUG=1",
					"$(inherited)",
				);
				GCC_WARN_64_TO_32_BIT_CONVERSION = YES;
				GCC_WARN_ABOUT_RETURN_TYPE = YES_ERROR;
				GCC_WARN_UNDECLARED_SELECTOR = YES;
				GCC_WARN_UNINITIALIZED_AUTOS = YES_AGGRESSIVE;
				GCC_WARN_UNUSED_FUNCTION = YES;
				GCC_WARN_UNUSED_VARIABLE = YES;
				IPHONEOS_DEPLOYMENT_TARGET = 10.2;
				MTL_ENABLE_DEBUG_INFO = YES;
				ONLY_ACTIVE_ARCH = YES;
				SDKROOT = iphoneos;
				TARGETED_DEVICE_FAMILY = "1,2";
			};
			name = Debug;
		};
		4F19A6A81F458A3D007D2113 /* Release */ = {
			isa = XCBuildConfiguration;
			buildSettings = {
				ALWAYS_SEARCH_USER_PATHS = NO;
				CLANG_ANALYZER_NONNULL = YES;
				CLANG_CXX_LANGUAGE_STANDARD = "gnu++0x";
				CLANG_CXX_LIBRARY = "libc++";
				CLANG_ENABLE_MODULES = YES;
				CLANG_ENABLE_OBJC_ARC = YES;
				CLANG_WARN_BOOL_CONVERSION = YES;
				CLANG_WARN_CONSTANT_CONVERSION = YES;
				CLANG_WARN_DIRECT_OBJC_ISA_USAGE = YES_ERROR;
				CLANG_WARN_DOCUMENTATION_COMMENTS = YES;
				CLANG_WARN_EMPTY_BODY = YES;
				CLANG_WARN_ENUM_CONVERSION = YES;
				CLANG_WARN_INFINITE_RECURSION = YES;
				CLANG_WARN_INT_CONVERSION = YES;
				CLANG_WARN_OBJC_ROOT_CLASS = YES_ERROR;
				CLANG_WARN_SUSPICIOUS_MOVE = YES;
				CLANG_WARN_UNREACHABLE_CODE = YES;
				CLANG_WARN__DUPLICATE_METHOD_MATCH = YES;
				"CODE_SIGN_IDENTITY[sdk=iphoneos*]" = "iPhone Developer";
				COPY_PHASE_STRIP = NO;
				DEBUG_INFORMATION_FORMAT = "dwarf-with-dsym";
				ENABLE_NS_ASSERTIONS = NO;
				ENABLE_STRICT_OBJC_MSGSEND = YES;
				GCC_C_LANGUAGE_STANDARD = gnu99;
				GCC_NO_COMMON_BLOCKS = YES;
				GCC_WARN_64_TO_32_BIT_CONVERSION = YES;
				GCC_WARN_ABOUT_RETURN_TYPE = YES_ERROR;
				GCC_WARN_UNDECLARED_SELECTOR = YES;
				GCC_WARN_UNINITIALIZED_AUTOS = YES_AGGRESSIVE;
				GCC_WARN_UNUSED_FUNCTION = YES;
				GCC_WARN_UNUSED_VARIABLE = YES;
				IPHONEOS_DEPLOYMENT_TARGET = 10.2;
				MTL_ENABLE_DEBUG_INFO = NO;
				SDKROOT = iphoneos;
				TARGETED_DEVICE_FAMILY = "1,2";
				VALIDATE_PRODUCT = YES;
			};
			name = Release;
		};
		4F19A6AA1F458A3D007D2113 /* Debug */ = {
			isa = XCBuildConfiguration;
			baseConfigurationReference = AF2E75AEBBDA18A75DBFF8A2 /* Pods-WangyYiNEWS.debug.xcconfig */;
			buildSettings = {
				ASSETCATALOG_COMPILER_APPICON_NAME = AppIcon;
				INFOPLIST_FILE = WangyYiNEWS/Info.plist;
				LD_RUNPATH_SEARCH_PATHS = "$(inherited) @executable_path/Frameworks";
				PRODUCT_BUNDLE_IDENTIFIER = com.jiucheng.WangyYiNEWS;
				PRODUCT_NAME = "$(TARGET_NAME)";
			};
			name = Debug;
		};
		4F19A6AB1F458A3D007D2113 /* Release */ = {
			isa = XCBuildConfiguration;
			baseConfigurationReference = A7039583D668F5EF41AB2F6F /* Pods-WangyYiNEWS.release.xcconfig */;
			buildSettings = {
				ASSETCATALOG_COMPILER_APPICON_NAME = AppIcon;
				INFOPLIST_FILE = WangyYiNEWS/Info.plist;
				LD_RUNPATH_SEARCH_PATHS = "$(inherited) @executable_path/Frameworks";
				PRODUCT_BUNDLE_IDENTIFIER = com.jiucheng.WangyYiNEWS;
				PRODUCT_NAME = "$(TARGET_NAME)";
			};
			name = Release;
		};
		4F19A6AD1F458A3D007D2113 /* Debug */ = {
			isa = XCBuildConfiguration;
			buildSettings = {
				BUNDLE_LOADER = "$(TEST_HOST)";
				INFOPLIST_FILE = WangyYiNEWSTests/Info.plist;
				LD_RUNPATH_SEARCH_PATHS = "$(inherited) @executable_path/Frameworks @loader_path/Frameworks";
				PRODUCT_BUNDLE_IDENTIFIER = com.jiucheng.WangyYiNEWSTests;
				PRODUCT_NAME = "$(TARGET_NAME)";
				TEST_HOST = "$(BUILT_PRODUCTS_DIR)/WangyYiNEWS.app/WangyYiNEWS";
			};
			name = Debug;
		};
		4F19A6AE1F458A3D007D2113 /* Release */ = {
			isa = XCBuildConfiguration;
			buildSettings = {
				BUNDLE_LOADER = "$(TEST_HOST)";
				INFOPLIST_FILE = WangyYiNEWSTests/Info.plist;
				LD_RUNPATH_SEARCH_PATHS = "$(inherited) @executable_path/Frameworks @loader_path/Frameworks";
				PRODUCT_BUNDLE_IDENTIFIER = com.jiucheng.WangyYiNEWSTests;
				PRODUCT_NAME = "$(TARGET_NAME)";
				TEST_HOST = "$(BUILT_PRODUCTS_DIR)/WangyYiNEWS.app/WangyYiNEWS";
			};
			name = Release;
		};
		4F19A6B01F458A3D007D2113 /* Debug */ = {
			isa = XCBuildConfiguration;
			buildSettings = {
				INFOPLIST_FILE = WangyYiNEWSUITests/Info.plist;
				LD_RUNPATH_SEARCH_PATHS = "$(inherited) @executable_path/Frameworks @loader_path/Frameworks";
				PRODUCT_BUNDLE_IDENTIFIER = com.jiucheng.WangyYiNEWSUITests;
				PRODUCT_NAME = "$(TARGET_NAME)";
				TEST_TARGET_NAME = WangyYiNEWS;
			};
			name = Debug;
		};
		4F19A6B11F458A3D007D2113 /* Release */ = {
			isa = XCBuildConfiguration;
			buildSettings = {
				INFOPLIST_FILE = WangyYiNEWSUITests/Info.plist;
				LD_RUNPATH_SEARCH_PATHS = "$(inherited) @executable_path/Frameworks @loader_path/Frameworks";
				PRODUCT_BUNDLE_IDENTIFIER = com.jiucheng.WangyYiNEWSUITests;
				PRODUCT_NAME = "$(TARGET_NAME)";
				TEST_TARGET_NAME = WangyYiNEWS;
			};
			name = Release;
		};
/* End XCBuildConfiguration section */

/* Begin XCConfigurationList section */
		4F19A6771F458A3D007D2113 /* Build configuration list for PBXProject "WangyYiNEWS" */ = {
			isa = XCConfigurationList;
			buildConfigurations = (
				4F19A6A71F458A3D007D2113 /* Debug */,
				4F19A6A81F458A3D007D2113 /* Release */,
			);
			defaultConfigurationIsVisible = 0;
			defaultConfigurationName = Release;
		};
		4F19A6A91F458A3D007D2113 /* Build configuration list for PBXNativeTarget "WangyYiNEWS" */ = {
			isa = XCConfigurationList;
			buildConfigurations = (
				4F19A6AA1F458A3D007D2113 /* Debug */,
				4F19A6AB1F458A3D007D2113 /* Release */,
			);
			defaultConfigurationIsVisible = 0;
			defaultConfigurationName = Release;
		};
		4F19A6AC1F458A3D007D2113 /* Build configuration list for PBXNativeTarget "WangyYiNEWSTests" */ = {
			isa = XCConfigurationList;
			buildConfigurations = (
				4F19A6AD1F458A3D007D2113 /* Debug */,
				4F19A6AE1F458A3D007D2113 /* Release */,
			);
			defaultConfigurationIsVisible = 0;
			defaultConfigurationName = Release;
		};
		4F19A6AF1F458A3D007D2113 /* Build configuration list for PBXNativeTarget "WangyYiNEWSUITests" */ = {
			isa = XCConfigurationList;
			buildConfigurations = (
				4F19A6B01F458A3D007D2113 /* Debug */,
				4F19A6B11F458A3D007D2113 /* Release */,
			);
			defaultConfigurationIsVisible = 0;
			defaultConfigurationName = Release;
		};
/* End XCConfigurationList section */
	};
	rootObject = 4F19A6741F458A3D007D2113 /* Project object */;
}
